
Microsoft Visual Studio Solution File, Format Version 12.00
# Visual Studio 15
VisualStudioVersion = 15.0.28307.1169
MinimumVisualStudioVersion = 10.0.40219.1
Project("{FAE04EC0-301F-11D3-BF4B-00C04F79EFBC}") = "StockLookUp", "StockLookUp\StockLookUp.csproj", "{02354931-6389-4FEF-8A0A-4DCC4526F254}"
EndProject
Global
	GlobalSection(SolutionConfigurationPlatforms) = preSolution
		Debug|Any CPU = Debug|Any CPU
		Release|Any CPU = Release|Any CPU
	EndGlobalSection
	GlobalSection(ProjectConfigurationPlatforms) = postSolution
		{02354931-6389-4FEF-8A0A-4DCC4526F254}.Debug|Any CPU.ActiveCfg = Debug|Any CPU
		{02354931-6389-4FEF-8A0A-4DCC4526F254}.Debug|Any CPU.Build.0 = Debug|Any CPU
		{02354931-6389-4FEF-8A0A-4DCC4526F254}.Release|Any CPU.ActiveCfg = Release|Any CPU
		{02354931-6389-4FEF-8A0A-4DCC4526F254}.Release|Any CPU.Build.0 = Release|Any CPU
	EndGlobalSection
	GlobalSection(SolutionProperties) = preSolution
		HideSolutionNode = FALSE
	EndGlobalSection
	GlobalSection(ExtensibilityGlobals) = postSolution
		SolutionGuid = {9F626D0B-AD42-440E-881B-CAD702F54D87}
	EndGlobalSection
EndGlobal
